
Microsoft Visual Studio Solution File, Format Version 12.00
# Visual Studio Version 16
VisualStudioVersion = 16.0.30717.126
MinimumVisualStudioVersion = 10.0.40219.1
Project("{FAE04EC0-301F-11D3-BF4B-00C04F79EFBC}") = "ImageTutorial.Android", "ImageTutorial\ImageTutorial.Android\ImageTutorial.Android.csproj", "{371A8764-C332-4E02-AFA1-CE4632741E8E}"
EndProject
Project("{FAE04EC0-301F-11D3-BF4B-00C04F79EFBC}") = "ImageTutorial.iOS", "ImageTutorial\ImageTutorial.iOS\ImageTutorial.iOS.csproj", "{C697AB25-0B85-4A4C-B4B4-23A3F843F47A}"
EndProject
Project("{FAE04EC0-301F-11D3-BF4B-00C04F79EFBC}") = "ImageTutorial", "ImageTutorial\ImageTutorial\ImageTutorial.csproj", "{3B56D3F7-F271-4FD7-8C27-C6A89B7A657C}"
EndProject
Project("{FAE04EC0-301F-11D3-BF4B-00C04F79EFBC}") = "GridTutorial.Android", "GridTutorial\GridTutorial.Android\GridTutorial.Android.csproj", "{B541CF51-0C67-47CC-AA8D-F5FABEED5493}"
EndProject
Project("{FAE04EC0-301F-11D3-BF4B-00C04F79EFBC}") = "GridTutorial.iOS", "GridTutorial\GridTutorial.iOS\GridTutorial.iOS.csproj", "{14BB64C9-6062-4611-A2F2-B634EF94A1F5}"
EndProject
Project("{FAE04EC0-301F-11D3-BF4B-00C04F79EFBC}") = "GridTutorial", "GridTutorial\GridTutorial\GridTutorial.csproj", "{5B17B14E-2C08-40A5-A92B-68930C303386}"
EndProject
Project("{FAE04EC0-301F-11D3-BF4B-00C04F79EFBC}") = "CollectionViewTutorial.Android", "CollectionViewTutorial\CollectionViewTutorial.Android\CollectionViewTutorial.Android.csproj", "{4A49D1AA-0DF8-4480-A05A-27D3B36437B7}"
EndProject
Project("{FAE04EC0-301F-11D3-BF4B-00C04F79EFBC}") = "CollectionViewTutorial.iOS", "CollectionViewTutorial\CollectionViewTutorial.iOS\CollectionViewTutorial.iOS.csproj", "{A4E1CF2D-AC03-4427-8B35-82F9429BDBA1}"
EndProject
Project("{FAE04EC0-301F-11D3-BF4B-00C04F79EFBC}") = "CollectionViewTutorial", "CollectionViewTutorial\CollectionViewTutorial\CollectionViewTutorial.csproj", "{44CBE6D4-F655-4654-9E0E-86ADB53D7674}"
EndProject
Project("{FAE04EC0-301F-11D3-BF4B-00C04F79EFBC}") = "PopupsTutorial.Android", "PopupsTutorial\PopupsTutorial.Android\PopupsTutorial.Android.csproj", "{7CF8D94F-3E36-4C9C-B16A-29F2A36919F7}"
EndProject
Project("{FAE04EC0-301F-11D3-BF4B-00C04F79EFBC}") = "PopupsTutorial.iOS", "PopupsTutorial\PopupsTutorial.iOS\PopupsTutorial.iOS.csproj", "{54F660EB-E9B4-4507-BC38-55C1C127612B}"
EndProject
Project("{FAE04EC0-301F-11D3-BF4B-00C04F79EFBC}") = "PopupsTutorial", "PopupsTutorial\PopupsTutorial\PopupsTutorial.csproj", "{C90C20DE-C200-4539-AAF3-67EF6BF7CFCC}"
EndProject
Global
	GlobalSection(SolutionConfigurationPlatforms) = preSolution
		Debug|Any CPU = Debug|Any CPU
		Debug|iPhone = Debug|iPhone
		Debug|iPhoneSimulator = Debug|iPhoneSimulator
		Release|Any CPU = Release|Any CPU
		Release|iPhone = Release|iPhone
		Release|iPhoneSimulator = Release|iPhoneSimulator
	EndGlobalSection
	GlobalSection(ProjectConfigurationPlatforms) = postSolution
		{371A8764-C332-4E02-AFA1-CE4632741E8E}.Debug|Any CPU.ActiveCfg = Debug|Any CPU
		{371A8764-C332-4E02-AFA1-CE4632741E8E}.Debug|Any CPU.Build.0 = Debug|Any CPU
		{371A8764-C332-4E02-AFA1-CE4632741E8E}.Debug|Any CPU.Deploy.0 = Debug|Any CPU
		{371A8764-C332-4E02-AFA1-CE4632741E8E}.Debug|iPhone.ActiveCfg = Debug|Any CPU
		{371A8764-C332-4E02-AFA1-CE4632741E8E}.Debug|iPhone.Build.0 = Debug|Any CPU
		{371A8764-C332-4E02-AFA1-CE4632741E8E}.Debug|iPhone.Deploy.0 = Debug|Any CPU
		{371A8764-C332-4E02-AFA1-CE4632741E8E}.Debug|iPhoneSimulator.ActiveCfg = Debug|Any CPU
		{371A8764-C332-4E02-AFA1-CE4632741E8E}.Debug|iPhoneSimulator.Build.0 = Debug|Any CPU
		{371A8764-C332-4E02-AFA1-CE4632741E8E}.Debug|iPhoneSimulator.Deploy.0 = Debug|Any CPU
		{371A8764-C332-4E02-AFA1-CE4632741E8E}.Release|Any CPU.ActiveCfg = Release|Any CPU
		{371A8764-C332-4E02-AFA1-CE4632741E8E}.Release|Any CPU.Build.0 = Release|Any CPU
		{371A8764-C332-4E02-AFA1-CE4632741E8E}.Release|Any CPU.Deploy.0 = Release|Any CPU
		{371A8764-C332-4E02-AFA1-CE4632741E8E}.Release|iPhone.ActiveCfg = Release|Any CPU
		{371A8764-C332-4E02-AFA1-CE4632741E8E}.Release|iPhone.Build.0 = Release|Any CPU
		{371A8764-C332-4E02-AFA1-CE4632741E8E}.Release|iPhone.Deploy.0 = Release|Any CPU
		{371A8764-C332-4E02-AFA1-CE4632741E8E}.Release|iPhoneSimulator.ActiveCfg = Release|Any CPU
		{371A8764-C332-4E02-AFA1-CE4632741E8E}.Release|iPhoneSimulator.Build.0 = Release|Any CPU
		{371A8764-C332-4E02-AFA1-CE4632741E8E}.Release|iPhoneSimulator.Deploy.0 = Release|Any CPU
		{C697AB25-0B85-4A4C-B4B4-23A3F843F47A}.Debug|Any CPU.ActiveCfg = Debug|iPhone
		{C697AB25-0B85-4A4C-B4B4-23A3F843F47A}.Debug|Any CPU.Build.0 = Debug|iPhone
		{C697AB25-0B85-4A4C-B4B4-23A3F843F47A}.Debug|Any CPU.Deploy.0 = Debug|iPhone
		{C697AB25-0B85-4A4C-B4B4-23A3F843F47A}.Debug|iPhone.ActiveCfg = Debug|iPhone
		{C697AB25-0B85-4A4C-B4B4-23A3F843F47A}.Debug|iPhone.Build.0 = Debug|iPhone
		{C697AB25-0B85-4A4C-B4B4-23A3F843F47A}.Debug|iPhone.Deploy.0 = Debug|iPhone
		{C697AB25-0B85-4A4C-B4B4-23A3F843F47A}.Debug|iPhoneSimulator.ActiveCfg = Debug|iPhoneSimulator
		{C697AB25-0B85-4A4C-B4B4-23A3F843F47A}.Debug|iPhoneSimulator.Build.0 = Debug|iPhoneSimulator
		{C697AB25-0B85-4A4C-B4B4-23A3F843F47A}.Debug|iPhoneSimulator.Deploy.0 = Debug|iPhoneSimulator
		{C697AB25-0B85-4A4C-B4B4-23A3F843F47A}.Release|Any CPU.ActiveCfg = Release|iPhoneSimulator
		{C697AB25-0B85-4A4C-B4B4-23A3F843F47A}.Release|Any CPU.Build.0 = Release|iPhoneSimulator
		{C697AB25-0B85-4A4C-B4B4-23A3F843F47A}.Release|Any CPU.Deploy.0 = Release|iPhoneSimulator
		{C697AB25-0B85-4A4C-B4B4-23A3F843F47A}.Release|iPhone.ActiveCfg = Release|iPhone
		{C697AB25-0B85-4A4C-B4B4-23A3F843F47A}.Release|iPhone.Build.0 = Release|iPhone
		{C697AB25-0B85-4A4C-B4B4-23A3F843F47A}.Release|iPhone.Deploy.0 = Release|iPhone
		{C697AB25-0B85-4A4C-B4B4-23A3F843F47A}.Release|iPhoneSimulator.ActiveCfg = Release|iPhoneSimulator
		{C697AB25-0B85-4A4C-B4B4-23A3F843F47A}.Release|iPhoneSimulator.Build.0 = Release|iPhoneSimulator
		{C697AB25-0B85-4A4C-B4B4-23A3F843F47A}.Release|iPhoneSimulator.Deploy.0 = Release|iPhoneSimulator
		{3B56D3F7-F271-4FD7-8C27-C6A89B7A657C}.Debug|Any CPU.ActiveCfg = Debug|Any CPU
		{3B56D3F7-F271-4FD7-8C27-C6A89B7A657C}.Debug|Any CPU.Build.0 = Debug|Any CPU
		{3B56D3F7-F271-4FD7-8C27-C6A89B7A657C}.Debug|Any CPU.Deploy.0 = Debug|Any CPU
		{3B56D3F7-F271-4FD7-8C27-C6A89B7A657C}.Debug|iPhone.ActiveCfg = Debug|Any CPU
		{3B56D3F7-F271-4FD7-8C27-C6A89B7A657C}.Debug|iPhone.Build.0 = Debug|Any CPU
		{3B56D3F7-F271-4FD7-8C27-C6A89B7A657C}.Debug|iPhone.Deploy.0 = Debug|Any CPU
		{3B56D3F7-F271-4FD7-8C27-C6A89B7A657C}.Debug|iPhoneSimulator.ActiveCfg = Debug|Any CPU
		{3B56D3F7-F271-4FD7-8C27-C6A89B7A657C}.Debug|iPhoneSimulator.Build.0 = Debug|Any CPU
		{3B56D3F7-F271-4FD7-8C27-C6A89B7A657C}.Debug|iPhoneSimulator.Deploy.0 = Debug|Any CPU
		{3B56D3F7-F271-4FD7-8C27-C6A89B7A657C}.Release|Any CPU.ActiveCfg = Release|Any CPU
		{3B56D3F7-F271-4FD7-8C27-C6A89B7A657C}.Release|Any CPU.Build.0 = Release|Any CPU
		{3B56D3F7-F271-4FD7-8C27-C6A89B7A657C}.Release|Any CPU.Deploy.0 = Release|Any CPU
		{3B56D3F7-F271-4FD7-8C27-C6A89B7A657C}.Release|iPhone.ActiveCfg = Release|Any CPU
		{3B56D3F7-F271-4FD7-8C27-C6A89B7A657C}.Release|iPhone.Build.0 = Release|Any CPU
		{3B56D3F7-F271-4FD7-8C27-C6A89B7A657C}.Release|iPhone.Deploy.0 = Release|Any CPU
		{3B56D3F7-F271-4FD7-8C27-C6A89B7A657C}.Release|iPhoneSimulator.ActiveCfg = Release|Any CPU
		{3B56D3F7-F271-4FD7-8C27-C6A89B7A657C}.Release|iPhoneSimulator.Build.0 = Release|Any CPU
		{3B56D3F7-F271-4FD7-8C27-C6A89B7A657C}.Release|iPhoneSimulator.Deploy.0 = Release|Any CPU
		{B541CF51-0C67-47CC-AA8D-F5FABEED5493}.Debug|Any CPU.ActiveCfg = Debug|Any CPU
		{B541CF51-0C67-47CC-AA8D-F5FABEED5493}.Debug|Any CPU.Build.0 = Debug|Any CPU
		{B541CF51-0C67-47CC-AA8D-F5FABEED5493}.Debug|Any CPU.Deploy.0 = Debug|Any CPU
		{B541CF51-0C67-47CC-AA8D-F5FABEED5493}.Debug|iPhone.ActiveCfg = Debug|Any CPU
		{B541CF51-0C67-47CC-AA8D-F5FABEED5493}.Debug|iPhone.Build.0 = Debug|Any CPU
		{B541CF51-0C67-47CC-AA8D-F5FABEED5493}.Debug|iPhone.Deploy.0 = Debug|Any CPU
		{B541CF51-0C67-47CC-AA8D-F5FABEED5493}.Debug|iPhoneSimulator.ActiveCfg = Debug|Any CPU
		{B541CF51-0C67-47CC-AA8D-F5FABEED5493}.Debug|iPhoneSimulator.Build.0 = Debug|Any CPU
		{B541CF51-0C67-47CC-AA8D-F5FABEED5493}.Debug|iPhoneSimulator.Deploy.0 = Debug|Any CPU
		{B541CF51-0C67-47CC-AA8D-F5FABEED5493}.Release|Any CPU.ActiveCfg = Release|Any CPU
		{B541CF51-0C67-47CC-AA8D-F5FABEED5493}.Release|Any CPU.Build.0 = Release|Any CPU
		{B541CF51-0C67-47CC-AA8D-F5FABEED5493}.Release|Any CPU.Deploy.0 = Release|Any CPU
		{B541CF51-0C67-47CC-AA8D-F5FABEED5493}.Release|iPhone.ActiveCfg = Release|Any CPU
		{B541CF51-0C67-47CC-AA8D-F5FABEED5493}.Release|iPhone.Build.0 = Release|Any CPU
		{B541CF51-0C67-47CC-AA8D-F5FABEED5493}.Release|iPhone.Deploy.0 = Release|Any CPU
		{B541CF51-0C67-47CC-AA8D-F5FABEED5493}.Release|iPhoneSimulator.ActiveCfg = Release|Any CPU
		{B541CF51-0C67-47CC-AA8D-F5FABEED5493}.Release|iPhoneSimulator.Build.0 = Release|Any CPU
		{B541CF51-0C67-47CC-AA8D-F5FABEED5493}.Release|iPhoneSimulator.Deploy.0 = Release|Any CPU
		{14BB64C9-6062-4611-A2F2-B634EF94A1F5}.Debug|Any CPU.ActiveCfg = Debug|iPhoneSimulator
		{14BB64C9-6062-4611-A2F2-B634EF94A1F5}.Debug|iPhone.ActiveCfg = Debug|iPhone
		{14BB64C9-6062-4611-A2F2-B634EF94A1F5}.Debug|iPhone.Build.0 = Debug|iPhone
		{14BB64C9-6062-4611-A2F2-B634EF94A1F5}.Debug|iPhoneSimulator.ActiveCfg = Debug|iPhoneSimulator
		{14BB64C9-6062-4611-A2F2-B634EF94A1F5}.Debug|iPhoneSimulator.Build.0 = Debug|iPhoneSimulator
		{14BB64C9-6062-4611-A2F2-B634EF94A1F5}.Release|Any CPU.ActiveCfg = Release|iPhoneSimulator
		{14BB64C9-6062-4611-A2F2-B634EF94A1F5}.Release|iPhone.ActiveCfg = Release|iPhone
		{14BB64C9-6062-4611-A2F2-B634EF94A1F5}.Release|iPhone.Build.0 = Release|iPhone
		{14BB64C9-6062-4611-A2F2-B634EF94A1F5}.Release|iPhoneSimulator.ActiveCfg = Release|iPhoneSimulator
		{14BB64C9-6062-4611-A2F2-B634EF94A1F5}.Release|iPhoneSimulator.Build.0 = Release|iPhoneSimulator
		{5B17B14E-2C08-40A5-A92B-68930C303386}.Debug|Any CPU.ActiveCfg = Debug|Any CPU
		{5B17B14E-2C08-40A5-A92B-68930C303386}.Debug|Any CPU.Build.0 = Debug|Any CPU
		{5B17B14E-2C08-40A5-A92B-68930C303386}.Debug|iPhone.ActiveCfg = Debug|Any CPU
		{5B17B14E-2C08-40A5-A92B-68930C303386}.Debug|iPhone.Build.0 = Debug|Any CPU
		{5B17B14E-2C08-40A5-A92B-68930C303386}.Debug|iPhoneSimulator.ActiveCfg = Debug|Any CPU
		{5B17B14E-2C08-40A5-A92B-68930C303386}.Debug|iPhoneSimulator.Build.0 = Debug|Any CPU
		{5B17B14E-2C08-40A5-A92B-68930C303386}.Release|Any CPU.ActiveCfg = Release|Any CPU
		{5B17B14E-2C08-40A5-A92B-68930C303386}.Release|Any CPU.Build.0 = Release|Any CPU
		{5B17B14E-2C08-40A5-A92B-68930C303386}.Release|iPhone.ActiveCfg = Release|Any CPU
		{5B17B14E-2C08-40A5-A92B-68930C303386}.Release|iPhone.Build.0 = Release|Any CPU
		{5B17B14E-2C08-40A5-A92B-68930C303386}.Release|iPhoneSimulator.ActiveCfg = Release|Any CPU
		{5B17B14E-2C08-40A5-A92B-68930C303386}.Release|iPhoneSimulator.Build.0 = Release|Any CPU
		{4A49D1AA-0DF8-4480-A05A-27D3B36437B7}.Debug|Any CPU.ActiveCfg = Debug|Any CPU
		{4A49D1AA-0DF8-4480-A05A-27D3B36437B7}.Debug|Any CPU.Build.0 = Debug|Any CPU
		{4A49D1AA-0DF8-4480-A05A-27D3B36437B7}.Debug|Any CPU.Deploy.0 = Debug|Any CPU
		{4A49D1AA-0DF8-4480-A05A-27D3B36437B7}.Debug|iPhone.ActiveCfg = Debug|Any CPU
		{4A49D1AA-0DF8-4480-A05A-27D3B36437B7}.Debug|iPhone.Build.0 = Debug|Any CPU
		{4A49D1AA-0DF8-4480-A05A-27D3B36437B7}.Debug|iPhone.Deploy.0 = Debug|Any CPU
		{4A49D1AA-0DF8-4480-A05A-27D3B36437B7}.Debug|iPhoneSimulator.ActiveCfg = Debug|Any CPU
		{4A49D1AA-0DF8-4480-A05A-27D3B36437B7}.Debug|iPhoneSimulator.Build.0 = Debug|Any CPU
		{4A49D1AA-0DF8-4480-A05A-27D3B36437B7}.Debug|iPhoneSimulator.Deploy.0 = Debug|Any CPU
		{4A49D1AA-0DF8-4480-A05A-27D3B36437B7}.Release|Any CPU.ActiveCfg = Release|Any CPU
		{4A49D1AA-0DF8-4480-A05A-27D3B36437B7}.Release|Any CPU.Build.0 = Release|Any CPU
		{4A49D1AA-0DF8-4480-A05A-27D3B36437B7}.Release|Any CPU.Deploy.0 = Release|Any CPU
		{4A49D1AA-0DF8-4480-A05A-27D3B36437B7}.Release|iPhone.ActiveCfg = Release|Any CPU
		{4A49D1AA-0DF8-4480-A05A-27D3B36437B7}.Release|iPhone.Build.0 = Release|Any CPU
		{4A49D1AA-0DF8-4480-A05A-27D3B36437B7}.Release|iPhone.Deploy.0 = Release|Any CPU
		{4A49D1AA-0DF8-4480-A05A-27D3B36437B7}.Release|iPhoneSimulator.ActiveCfg = Release|Any CPU
		{4A49D1AA-0DF8-4480-A05A-27D3B36437B7}.Release|iPhoneSimulator.Build.0 = Release|Any CPU
		{4A49D1AA-0DF8-4480-A05A-27D3B36437B7}.Release|iPhoneSimulator.Deploy.0 = Release|Any CPU
		{A4E1CF2D-AC03-4427-8B35-82F9429BDBA1}.Debug|Any CPU.ActiveCfg = Debug|iPhoneSimulator
		{A4E1CF2D-AC03-4427-8B35-82F9429BDBA1}.Debug|iPhone.ActiveCfg = Debug|iPhone
		{A4E1CF2D-AC03-4427-8B35-82F9429BDBA1}.Debug|iPhone.Build.0 = Debug|iPhone
		{A4E1CF2D-AC03-4427-8B35-82F9429BDBA1}.Debug|iPhoneSimulator.ActiveCfg = Debug|iPhoneSimulator
		{A4E1CF2D-AC03-4427-8B35-82F9429BDBA1}.Debug|iPhoneSimulator.Build.0 = Debug|iPhoneSimulator
		{A4E1CF2D-AC03-4427-8B35-82F9429BDBA1}.Release|Any CPU.ActiveCfg = Release|iPhoneSimulator
		{A4E1CF2D-AC03-4427-8B35-82F9429BDBA1}.Release|iPhone.ActiveCfg = Release|iPhone
		{A4E1CF2D-AC03-4427-8B35-82F9429BDBA1}.Release|iPhone.Build.0 = Release|iPhone
		{A4E1CF2D-AC03-4427-8B35-82F9429BDBA1}.Release|iPhoneSimulator.ActiveCfg = Release|iPhoneSimulator
		{A4E1CF2D-AC03-4427-8B35-82F9429BDBA1}.Release|iPhoneSimulator.Build.0 = Release|iPhoneSimulator
		{44CBE6D4-F655-4654-9E0E-86ADB53D7674}.Debug|Any CPU.ActiveCfg = Debug|Any CPU
		{44CBE6D4-F655-4654-9E0E-86ADB53D7674}.Debug|Any CPU.Build.0 = Debug|Any CPU
		{44CBE6D4-F655-4654-9E0E-86ADB53D7674}.Debug|iPhone.ActiveCfg = Debug|Any CPU
		{44CBE6D4-F655-4654-9E0E-86ADB53D7674}.Debug|iPhone.Build.0 = Debug|Any CPU
		{44CBE6D4-F655-4654-9E0E-86ADB53D7674}.Debug|iPhoneSimulator.ActiveCfg = Debug|Any CPU
		{44CBE6D4-F655-4654-9E0E-86ADB53D7674}.Debug|iPhoneSimulator.Build.0 = Debug|Any CPU
		{44CBE6D4-F655-4654-9E0E-86ADB53D7674}.Release|Any CPU.ActiveCfg = Release|Any CPU
		{44CBE6D4-F655-4654-9E0E-86ADB53D7674}.Release|Any CPU.Build.0 = Release|Any CPU
		{44CBE6D4-F655-4654-9E0E-86ADB53D7674}.Release|iPhone.ActiveCfg = Release|Any CPU
		{44CBE6D4-F655-4654-9E0E-86ADB53D7674}.Release|iPhone.Build.0 = Release|Any CPU
		{44CBE6D4-F655-4654-9E0E-86ADB53D7674}.Release|iPhoneSimulator.ActiveCfg = Release|Any CPU
		{44CBE6D4-F655-4654-9E0E-86ADB53D7674}.Release|iPhoneSimulator.Build.0 = Release|Any CPU
		{7CF8D94F-3E36-4C9C-B16A-29F2A36919F7}.Debug|Any CPU.ActiveCfg = Debug|Any CPU
		{7CF8D94F-3E36-4C9C-B16A-29F2A36919F7}.Debug|Any CPU.Build.0 = Debug|Any CPU
		{7CF8D94F-3E36-4C9C-B16A-29F2A36919F7}.Debug|Any CPU.Deploy.0 = Debug|Any CPU
		{7CF8D94F-3E36-4C9C-B16A-29F2A36919F7}.Debug|iPhone.ActiveCfg = Debug|Any CPU
		{7CF8D94F-3E36-4C9C-B16A-29F2A36919F7}.Debug|iPhone.Build.0 = Debug|Any CPU
		{7CF8D94F-3E36-4C9C-B16A-29F2A36919F7}.Debug|iPhone.Deploy.0 = Debug|Any CPU
		{7CF8D94F-3E36-4C9C-B16A-29F2A36919F7}.Debug|iPhoneSimulator.ActiveCfg = Debug|Any CPU
		{7CF8D94F-3E36-4C9C-B16A-29F2A36919F7}.Debug|iPhoneSimulator.Build.0 = Debug|Any CPU
		{7CF8D94F-3E36-4C9C-B16A-29F2A36919F7}.Debug|iPhoneSimulator.Deploy.0 = Debug|Any CPU
		{7CF8D94F-3E36-4C9C-B16A-29F2A36919F7}.Release|Any CPU.ActiveCfg = Release|Any CPU
		{7CF8D94F-3E36-4C9C-B16A-29F2A36919F7}.Release|Any CPU.Build.0 = Release|Any CPU
		{7CF8D94F-3E36-4C9C-B16A-29F2A36919F7}.Release|Any CPU.Deploy.0 = Release|Any CPU
		{7CF8D94F-3E36-4C9C-B16A-29F2A36919F7}.Release|iPhone.ActiveCfg = Release|Any CPU
		{7CF8D94F-3E36-4C9C-B16A-29F2A36919F7}.Release|iPhone.Build.0 = Release|Any CPU
		{7CF8D94F-3E36-4C9C-B16A-29F2A36919F7}.Release|iPhone.Deploy.0 = Release|Any CPU
		{7CF8D94F-3E36-4C9C-B16A-29F2A36919F7}.Release|iPhoneSimulator.ActiveCfg = Release|Any CPU
		{7CF8D94F-3E36-4C9C-B16A-29F2A36919F7}.Release|iPhoneSimulator.Build.0 = Release|Any CPU
		{7CF8D94F-3E36-4C9C-B16A-29F2A36919F7}.Release|iPhoneSimulator.Deploy.0 = Release|Any CPU
		{54F660EB-E9B4-4507-BC38-55C1C127612B}.Debug|Any CPU.ActiveCfg = Debug|iPhoneSimulator
		{54F660EB-E9B4-4507-BC38-55C1C127612B}.Debug|iPhone.ActiveCfg = Debug|iPhone
		{54F660EB-E9B4-4507-BC38-55C1C127612B}.Debug|iPhone.Build.0 = Debug|iPhone
		{54F660EB-E9B4-4507-BC38-55C1C127612B}.Debug|iPhoneSimulator.ActiveCfg = Debug|iPhoneSimulator
		{54F660EB-E9B4-4507-BC38-55C1C127612B}.Debug|iPhoneSimulator.Build.0 = Debug|iPhoneSimulator
		{54F660EB-E9B4-4507-BC38-55C1C127612B}.Release|Any CPU.ActiveCfg = Release|iPhoneSimulator
		{54F660EB-E9B4-4507-BC38-55C1C127612B}.Release|iPhone.ActiveCfg = Release|iPhone
		{54F660EB-E9B4-4507-BC38-55C1C127612B}.Release|iPhone.Build.0 = Release|iPhone
		{54F660EB-E9B4-4507-BC38-55C1C127612B}.Release|iPhoneSimulator.ActiveCfg = Release|iPhoneSimulator
		{54F660EB-E9B4-4507-BC38-55C1C127612B}.Release|iPhoneSimulator.Build.0 = Release|iPhoneSimulator
		{C90C20DE-C200-4539-AAF3-67EF6BF7CFCC}.Debug|Any CPU.ActiveCfg = Debug|Any CPU
		{C90C20DE-C200-4539-AAF3-67EF6BF7CFCC}.Debug|Any CPU.Build.0 = Debug|Any CPU
		{C90C20DE-C200-4539-AAF3-67EF6BF7CFCC}.Debug|iPhone.ActiveCfg = Debug|Any CPU
		{C90C20DE-C200-4539-AAF3-67EF6BF7CFCC}.Debug|iPhone.Build.0 = Debug|Any CPU
		{C90C20DE-C200-4539-AAF3-67EF6BF7CFCC}.Debug|iPhoneSimulator.ActiveCfg = Debug|Any CPU
		{C90C20DE-C200-4539-AAF3-67EF6BF7CFCC}.Debug|iPhoneSimulator.Build.0 = Debug|Any CPU
		{C90C20DE-C200-4539-AAF3-67EF6BF7CFCC}.Release|Any CPU.ActiveCfg = Release|Any CPU
		{C90C20DE-C200-4539-AAF3-67EF6BF7CFCC}.Release|Any CPU.Build.0 = Release|Any CPU
		{C90C20DE-C200-4539-AAF3-67EF6BF7CFCC}.Release|iPhone.ActiveCfg = Release|Any CPU
		{C90C20DE-C200-4539-AAF3-67EF6BF7CFCC}.Release|iPhone.Build.0 = Release|Any CPU
		{C90C20DE-C200-4539-AAF3-67EF6BF7CFCC}.Release|iPhoneSimulator.ActiveCfg = Release|Any CPU
		{C90C20DE-C200-4539-AAF3-67EF6BF7CFCC}.Release|iPhoneSimulator.Build.0 = Release|Any CPU
	EndGlobalSection
	GlobalSection(SolutionProperties) = preSolution
		HideSolutionNode = FALSE
	EndGlobalSection
	GlobalSection(ExtensibilityGlobals) = postSolution
		SolutionGuid = {B3F4312E-D7AF-4D5D-BE98-695F3C8B0D6B}
	EndGlobalSection
EndGlobal
